
Microsoft Visual Studio Solution File, Format Version 12.00
# Visual Studio Version 16
VisualStudioVersion = 16.0.31410.357
MinimumVisualStudioVersion = 10.0.40219.1
Project("{9A19103F-16F7-4668-BE54-9A1E7A4F7556}") = "zabolotnyi-zpi-zp-92-lab-kpi-3", "zabolotnyi-zpi-zp-92-lab-kpi-3.csproj", "{87FDE144-641D-4C8D-8AAC-A8C0F96CA079}"
EndProject
Global
	GlobalSection(SolutionConfigurationPlatforms) = preSolution
		Debug|Any CPU = Debug|Any CPU
		Release|Any CPU = Release|Any CPU
	EndGlobalSection
	GlobalSection(ProjectConfigurationPlatforms) = postSolution
		{87FDE144-641D-4C8D-8AAC-A8C0F96CA079}.Debug|Any CPU.ActiveCfg = Debug|Any CPU
		{87FDE144-641D-4C8D-8AAC-A8C0F96CA079}.Debug|Any CPU.Build.0 = Debug|Any CPU
		{87FDE144-641D-4C8D-8AAC-A8C0F96CA079}.Release|Any CPU.ActiveCfg = Release|Any CPU
		{87FDE144-641D-4C8D-8AAC-A8C0F96CA079}.Release|Any CPU.Build.0 = Release|Any CPU
	EndGlobalSection
	GlobalSection(SolutionProperties) = preSolution
		HideSolutionNode = FALSE
	EndGlobalSection
	GlobalSection(ExtensibilityGlobals) = postSolution
		SolutionGuid = {2243BED6-F11F-435D-9418-157C7D874FFD}
	EndGlobalSection
EndGlobal
